
Microsoft Visual Studio Solution File, Format Version 12.00
# Visual Studio Version 16
VisualStudioVersion = 16.0.32002.261
MinimumVisualStudioVersion = 10.0.40219.1
Project("{FAE04EC0-301F-11D3-BF4B-00C04F79EFBC}") = "8 Laba", "8 Laba\8 Laba.csproj", "{13F373FC-1BC4-41BC-B4EC-A6C9D9BC1E71}"
EndProject
Project("{FAE04EC0-301F-11D3-BF4B-00C04F79EFBC}") = "1", "1\1.csproj", "{FA4C7531-DAB1-4FEE-B202-92E694C431B4}"
EndProject
Project("{FAE04EC0-301F-11D3-BF4B-00C04F79EFBC}") = "Задача 8.1", "Задача 8.1\Задача 8.1.csproj", "{A8822131-7571-4795-A9E3-51721181E5CD}"
EndProject
Project("{FAE04EC0-301F-11D3-BF4B-00C04F79EFBC}") = "Задача 8.2", "Задача 8.2\Задача 8.2.csproj", "{26A9B823-0D36-435D-865B-D3D27FA3D020}"
EndProject
Global
	GlobalSection(SolutionConfigurationPlatforms) = preSolution
		Debug|Any CPU = Debug|Any CPU
		Release|Any CPU = Release|Any CPU
	EndGlobalSection
	GlobalSection(ProjectConfigurationPlatforms) = postSolution
		{13F373FC-1BC4-41BC-B4EC-A6C9D9BC1E71}.Debug|Any CPU.ActiveCfg = Debug|Any CPU
		{13F373FC-1BC4-41BC-B4EC-A6C9D9BC1E71}.Debug|Any CPU.Build.0 = Debug|Any CPU
		{13F373FC-1BC4-41BC-B4EC-A6C9D9BC1E71}.Release|Any CPU.ActiveCfg = Release|Any CPU
		{13F373FC-1BC4-41BC-B4EC-A6C9D9BC1E71}.Release|Any CPU.Build.0 = Release|Any CPU
		{FA4C7531-DAB1-4FEE-B202-92E694C431B4}.Debug|Any CPU.ActiveCfg = Debug|Any CPU
		{FA4C7531-DAB1-4FEE-B202-92E694C431B4}.Debug|Any CPU.Build.0 = Debug|Any CPU
		{FA4C7531-DAB1-4FEE-B202-92E694C431B4}.Release|Any CPU.ActiveCfg = Release|Any CPU
		{FA4C7531-DAB1-4FEE-B202-92E694C431B4}.Release|Any CPU.Build.0 = Release|Any CPU
		{A8822131-7571-4795-A9E3-51721181E5CD}.Debug|Any CPU.ActiveCfg = Debug|Any CPU
		{A8822131-7571-4795-A9E3-51721181E5CD}.Debug|Any CPU.Build.0 = Debug|Any CPU
		{A8822131-7571-4795-A9E3-51721181E5CD}.Release|Any CPU.ActiveCfg = Release|Any CPU
		{A8822131-7571-4795-A9E3-51721181E5CD}.Release|Any CPU.Build.0 = Release|Any CPU
		{26A9B823-0D36-435D-865B-D3D27FA3D020}.Debug|Any CPU.ActiveCfg = Debug|Any CPU
		{26A9B823-0D36-435D-865B-D3D27FA3D020}.Debug|Any CPU.Build.0 = Debug|Any CPU
		{26A9B823-0D36-435D-865B-D3D27FA3D020}.Release|Any CPU.ActiveCfg = Release|Any CPU
		{26A9B823-0D36-435D-865B-D3D27FA3D020}.Release|Any CPU.Build.0 = Release|Any CPU
	EndGlobalSection
	GlobalSection(SolutionProperties) = preSolution
		HideSolutionNode = FALSE
	EndGlobalSection
	GlobalSection(ExtensibilityGlobals) = postSolution
		SolutionGuid = {450E141D-3687-4194-9E0E-9CB8858A9068}
	EndGlobalSection
EndGlobal
